
Microsoft Visual Studio Solution File, Format Version 12.00
# Visual Studio 14
VisualStudioVersion = 14.0.25420.1
MinimumVisualStudioVersion = 10.0.40219.1
Project("{FAE04EC0-301F-11D3-BF4B-00C04F79EFBC}") = "Test", "Test\Test.csproj", "{45E536B2-4A5B-4BA1-865F-D58F52175ED2}"
EndProject
Project("{FAE04EC0-301F-11D3-BF4B-00C04F79EFBC}") = "Test.COM", "Test.COM\Test.COM.csproj", "{D59D8D65-B686-4204-BFFF-91AA6DBF3C5A}"
EndProject
Project("{FAE04EC0-301F-11D3-BF4B-00C04F79EFBC}") = "Test.Console", "Test.Console\Test.Console.csproj", "{647470EF-A402-4EA8-87CF-4CFE57B9C270}"
EndProject
Global
	GlobalSection(SolutionConfigurationPlatforms) = preSolution
		Debug|Any CPU = Debug|Any CPU
		Release|Any CPU = Release|Any CPU
	EndGlobalSection
	GlobalSection(ProjectConfigurationPlatforms) = postSolution
		{45E536B2-4A5B-4BA1-865F-D58F52175ED2}.Debug|Any CPU.ActiveCfg = Debug|Any CPU
		{45E536B2-4A5B-4BA1-865F-D58F52175ED2}.Debug|Any CPU.Build.0 = Debug|Any CPU
		{45E536B2-4A5B-4BA1-865F-D58F52175ED2}.Release|Any CPU.ActiveCfg = Release|Any CPU
		{45E536B2-4A5B-4BA1-865F-D58F52175ED2}.Release|Any CPU.Build.0 = Release|Any CPU
		{D59D8D65-B686-4204-BFFF-91AA6DBF3C5A}.Debug|Any CPU.ActiveCfg = Debug|Any CPU
		{D59D8D65-B686-4204-BFFF-91AA6DBF3C5A}.Debug|Any CPU.Build.0 = Debug|Any CPU
		{D59D8D65-B686-4204-BFFF-91AA6DBF3C5A}.Release|Any CPU.ActiveCfg = Release|Any CPU
		{D59D8D65-B686-4204-BFFF-91AA6DBF3C5A}.Release|Any CPU.Build.0 = Release|Any CPU
		{647470EF-A402-4EA8-87CF-4CFE57B9C270}.Debug|Any CPU.ActiveCfg = Debug|Any CPU
		{647470EF-A402-4EA8-87CF-4CFE57B9C270}.Debug|Any CPU.Build.0 = Debug|Any CPU
		{647470EF-A402-4EA8-87CF-4CFE57B9C270}.Release|Any CPU.ActiveCfg = Release|Any CPU
		{647470EF-A402-4EA8-87CF-4CFE57B9C270}.Release|Any CPU.Build.0 = Release|Any CPU
	EndGlobalSection
	GlobalSection(SolutionProperties) = preSolution
		HideSolutionNode = FALSE
	EndGlobalSection
EndGlobal
